
Microsoft Visual Studio Solution File, Format Version 12.00
# Visual Studio 14
VisualStudioVersion = 14.0.25123.0
MinimumVisualStudioVersion = 10.0.40219.1
Project("{FAE04EC0-301F-11D3-BF4B-00C04F79EFBC}") = "Sample_NET_API_Home_Sales", "Sample_NET_API_Home_Sales\Sample_NET_API_Home_Sales.csproj", "{4803E45D-D998-4AB2-8E6D-BEF2423F05EB}"
EndProject
Project("{FAE04EC0-301F-11D3-BF4B-00C04F79EFBC}") = "Sample_NET_API_Home_Sales.Application", "Sample_NET_API_Home_Sales.Application\Sample_NET_API_Home_Sales.Application.csproj", "{741573F2-3DDD-47DE-993C-5D4474485F76}"
EndProject
Global
	GlobalSection(SolutionConfigurationPlatforms) = preSolution
		Debug|Any CPU = Debug|Any CPU
		Release|Any CPU = Release|Any CPU
	EndGlobalSection
	GlobalSection(ProjectConfigurationPlatforms) = postSolution
		{4803E45D-D998-4AB2-8E6D-BEF2423F05EB}.Debug|Any CPU.ActiveCfg = Debug|Any CPU
		{4803E45D-D998-4AB2-8E6D-BEF2423F05EB}.Debug|Any CPU.Build.0 = Debug|Any CPU
		{4803E45D-D998-4AB2-8E6D-BEF2423F05EB}.Release|Any CPU.ActiveCfg = Release|Any CPU
		{4803E45D-D998-4AB2-8E6D-BEF2423F05EB}.Release|Any CPU.Build.0 = Release|Any CPU
		{741573F2-3DDD-47DE-993C-5D4474485F76}.Debug|Any CPU.ActiveCfg = Debug|Any CPU
		{741573F2-3DDD-47DE-993C-5D4474485F76}.Debug|Any CPU.Build.0 = Debug|Any CPU
		{741573F2-3DDD-47DE-993C-5D4474485F76}.Release|Any CPU.ActiveCfg = Release|Any CPU
		{741573F2-3DDD-47DE-993C-5D4474485F76}.Release|Any CPU.Build.0 = Release|Any CPU
	EndGlobalSection
	GlobalSection(SolutionProperties) = preSolution
		HideSolutionNode = FALSE
	EndGlobalSection
EndGlobal
